// !$*UTF8*$!
{
	archiveVersion = 1;
	classes = {
	};
	objectVersion = 56;
	objects = {

/* Begin PBXBuildFile section */
		A0B668C72C85D03300C70E71 /* SwfitUIPracticeProjectApp.swift in Sources */ = {isa = PBXBuildFile; fileRef = A0B668C62C85D03300C70E71 /* SwfitUIPracticeProjectApp.swift */; };
		A0B668CB2C85D03600C70E71 /* Assets.xcassets in Resources */ = {isa = PBXBuildFile; fileRef = A0B668CA2C85D03600C70E71 /* Assets.xcassets */; };
		A0B668CE2C85D03600C70E71 /* Preview Assets.xcassets in Resources */ = {isa = PBXBuildFile; fileRef = A0B668CD2C85D03600C70E71 /* Preview Assets.xcassets */; };
		A0B668D52C85E07400C70E71 /* OnboardingView.swift in Sources */ = {isa = PBXBuildFile; fileRef = A0B668D42C85E07400C70E71 /* OnboardingView.swift */; };
		A0B668DC2C85E62900C70E71 /* ButtonWrapper.swift in Sources */ = {isa = PBXBuildFile; fileRef = A0B668DB2C85E62900C70E71 /* ButtonWrapper.swift */; };
		A0B668DE2C85E63300C70E71 /* RadiusBackground.swift in Sources */ = {isa = PBXBuildFile; fileRef = A0B668DD2C85E63300C70E71 /* RadiusBackground.swift */; };
		A0B668E12C85E8CC00C70E71 /* ProfileSettingView.swift in Sources */ = {isa = PBXBuildFile; fileRef = A0B668E02C85E8CC00C70E71 /* ProfileSettingView.swift */; };
		A0B668E32C85EB2400C70E71 /* ProfileImageSelectedView.swift in Sources */ = {isa = PBXBuildFile; fileRef = A0B668E22C85EB2400C70E71 /* ProfileImageSelectedView.swift */; };
		A0B668E52C85F08500C70E71 /* SelectedImage.swift in Sources */ = {isa = PBXBuildFile; fileRef = A0B668E42C85F08500C70E71 /* SelectedImage.swift */; };
/* End PBXBuildFile section */

/* Begin PBXFileReference section */
		A0B668C32C85D03300C70E71 /* SwfitUIPracticeProject.app */ = {isa = PBXFileReference; explicitFileType = wrapper.application; includeInIndex = 0; path = SwfitUIPracticeProject.app; sourceTree = BUILT_PRODUCTS_DIR; };
		A0B668C62C85D03300C70E71 /* SwfitUIPracticeProjectApp.swift */ = {isa = PBXFileReference; lastKnownFileType = sourcecode.swift; path = SwfitUIPracticeProjectApp.swift; sourceTree = "<group>"; };
		A0B668CA2C85D03600C70E71 /* Assets.xcassets */ = {isa = PBXFileReference; lastKnownFileType = folder.assetcatalog; path = Assets.xcassets; sourceTree = "<group>"; };
		A0B668CD2C85D03600C70E71 /* Preview Assets.xcassets */ = {isa = PBXFileReference; lastKnownFileType = folder.assetcatalog; path = "Preview Assets.xcassets"; sourceTree = "<group>"; };
		A0B668D42C85E07400C70E71 /* OnboardingView.swift */ = {isa = PBXFileReference; lastKnownFileType = sourcecode.swift; path = OnboardingView.swift; sourceTree = "<group>"; };
		A0B668DB2C85E62900C70E71 /* ButtonWrapper.swift */ = {isa = PBXFileReference; lastKnownFileType = sourcecode.swift; path = ButtonWrapper.swift; sourceTree = "<group>"; };
		A0B668DD2C85E63300C70E71 /* RadiusBackground.swift */ = {isa = PBXFileReference; lastKnownFileType = sourcecode.swift; path = RadiusBackground.swift; sourceTree = "<group>"; };
		A0B668E02C85E8CC00C70E71 /* ProfileSettingView.swift */ = {isa = PBXFileReference; lastKnownFileType = sourcecode.swift; path = ProfileSettingView.swift; sourceTree = "<group>"; };
		A0B668E22C85EB2400C70E71 /* ProfileImageSelectedView.swift */ = {isa = PBXFileReference; lastKnownFileType = sourcecode.swift; path = ProfileImageSelectedView.swift; sourceTree = "<group>"; };
		A0B668E42C85F08500C70E71 /* SelectedImage.swift */ = {isa = PBXFileReference; lastKnownFileType = sourcecode.swift; path = SelectedImage.swift; sourceTree = "<group>"; };
/* End PBXFileReference section */

/* Begin PBXFrameworksBuildPhase section */
		A0B668C02C85D03300C70E71 /* Frameworks */ = {
			isa = PBXFrameworksBuildPhase;
			buildActionMask = 2147483647;
			files = (
			);
			runOnlyForDeploymentPostprocessing = 0;
		};
/* End PBXFrameworksBuildPhase section */

/* Begin PBXGroup section */
		A0B668BA2C85D03300C70E71 = {
			isa = PBXGroup;
			children = (
				A0B668C52C85D03300C70E71 /* SwfitUIPracticeProject */,
				A0B668C42C85D03300C70E71 /* Products */,
			);
			sourceTree = "<group>";
		};
		A0B668C42C85D03300C70E71 /* Products */ = {
			isa = PBXGroup;
			children = (
				A0B668C32C85D03300C70E71 /* SwfitUIPracticeProject.app */,
			);
			name = Products;
			sourceTree = "<group>";
		};
		A0B668C52C85D03300C70E71 /* SwfitUIPracticeProject */ = {
			isa = PBXGroup;
			children = (
				A0B668DF2C85E63A00C70E71 /* Wrapper */,
				A0B668D62C85E1F900C70E71 /* CustomModifier */,
				A0B668C62C85D03300C70E71 /* SwfitUIPracticeProjectApp.swift */,
				A0B668CA2C85D03600C70E71 /* Assets.xcassets */,
				A0B668CC2C85D03600C70E71 /* Preview Content */,
				A0B668D42C85E07400C70E71 /* OnboardingView.swift */,
				A0B668E02C85E8CC00C70E71 /* ProfileSettingView.swift */,
				A0B668E22C85EB2400C70E71 /* ProfileImageSelectedView.swift */,
			);
			path = SwfitUIPracticeProject;
			sourceTree = "<group>";
		};
		A0B668CC2C85D03600C70E71 /* Preview Content */ = {
			isa = PBXGroup;
			children = (
				A0B668CD2C85D03600C70E71 /* Preview Assets.xcassets */,
			);
			path = "Preview Content";
			sourceTree = "<group>";
		};
		A0B668D62C85E1F900C70E71 /* CustomModifier */ = {
			isa = PBXGroup;
			children = (
				A0B668DD2C85E63300C70E71 /* RadiusBackground.swift */,
				A0B668E42C85F08500C70E71 /* SelectedImage.swift */,
			);
			path = CustomModifier;
			sourceTree = "<group>";
		};
		A0B668DF2C85E63A00C70E71 /* Wrapper */ = {
			isa = PBXGroup;
			children = (
				A0B668DB2C85E62900C70E71 /* ButtonWrapper.swift */,
			);
			path = Wrapper;
			sourceTree = "<group>";
		};
/* End PBXGroup section */

/* Begin PBXNativeTarget section */
		A0B668C22C85D03300C70E71 /* SwfitUIPracticeProject */ = {
			isa = PBXNativeTarget;
			buildConfigurationList = A0B668D12C85D03600C70E71 /* Build configuration list for PBXNativeTarget "SwfitUIPracticeProject" */;
			buildPhases = (
				A0B668BF2C85D03300C70E71 /* Sources */,
				A0B668C02C85D03300C70E71 /* Frameworks */,
				A0B668C12C85D03300C70E71 /* Resources */,
			);
			buildRules = (
			);
			dependencies = (
			);
			name = SwfitUIPracticeProject;
			productName = SwfitUIPracticeProject;
			productReference = A0B668C32C85D03300C70E71 /* SwfitUIPracticeProject.app */;
			productType = "com.apple.product-type.application";
		};
/* End PBXNativeTarget section */

/* Begin PBXProject section */
		A0B668BB2C85D03300C70E71 /* Project object */ = {
			isa = PBXProject;
			attributes = {
				BuildIndependentTargetsInParallel = 1;
				LastSwiftUpdateCheck = 1540;
				LastUpgradeCheck = 1540;
				TargetAttributes = {
					A0B668C22C85D03300C70E71 = {
						CreatedOnToolsVersion = 15.4;
					};
				};
			};
			buildConfigurationList = A0B668BE2C85D03300C70E71 /* Build configuration list for PBXProject "SwfitUIPracticeProject" */;
			compatibilityVersion = "Xcode 14.0";
			developmentRegion = en;
			hasScannedForEncodings = 0;
			knownRegions = (
				en,
				Base,
			);
			mainGroup = A0B668BA2C85D03300C70E71;
			productRefGroup = A0B668C42C85D03300C70E71 /* Products */;
			projectDirPath = "";
			projectRoot = "";
			targets = (
				A0B668C22C85D03300C70E71 /* SwfitUIPracticeProject */,
			);
		};
/* End PBXProject section */

/* Begin PBXResourcesBuildPhase section */
		A0B668C12C85D03300C70E71 /* Resources */ = {
			isa = PBXResourcesBuildPhase;
			buildActionMask = 2147483647;
			files = (
				A0B668CE2C85D03600C70E71 /* Preview Assets.xcassets in Resources */,
				A0B668CB2C85D03600C70E71 /* Assets.xcassets in Resources */,
			);
			runOnlyForDeploymentPostprocessing = 0;
		};
/* End PBXResourcesBuildPhase section */

/* Begin PBXSourcesBuildPhase section */
		A0B668BF2C85D03300C70E71 /* Sources */ = {
			isa = PBXSourcesBuildPhase;
			buildActionMask = 2147483647;
			files = (
				A0B668E52C85F08500C70E71 /* SelectedImage.swift in Sources */,
				A0B668DC2C85E62900C70E71 /* ButtonWrapper.swift in Sources */,
				A0B668DE2C85E63300C70E71 /* RadiusBackground.swift in Sources */,
				A0B668D52C85E07400C70E71 /* OnboardingView.swift in Sources */,
				A0B668C72C85D03300C70E71 /* SwfitUIPracticeProjectApp.swift in Sources */,
				A0B668E12C85E8CC00C70E71 /* ProfileSettingView.swift in Sources */,
				A0B668E32C85EB2400C70E71 /* ProfileImageSelectedView.swift in Sources */,
			);
			runOnlyForDeploymentPostprocessing = 0;
		};
/* End PBXSourcesBuildPhase section */

/* Begin XCBuildConfiguration section */
		A0B668CF2C85D03600C70E71 /* Debug */ = {
			isa = XCBuildConfiguration;
			buildSettings = {
				ALWAYS_SEARCH_USER_PATHS = NO;
				ASSETCATALOG_COMPILER_GENERATE_SWIFT_ASSET_SYMBOL_EXTENSIONS = YES;
				CLANG_ANALYZER_NONNULL = YES;
				CLANG_ANALYZER_NUMBER_OBJECT_CONVERSION = YES_AGGRESSIVE;
				CLANG_CXX_LANGUAGE_STANDARD = "gnu++20";
				CLANG_ENABLE_MODULES = YES;
				CLANG_ENABLE_OBJC_ARC = YES;
				CLANG_ENABLE_OBJC_WEAK = YES;
				CLANG_WARN_BLOCK_CAPTURE_AUTORELEASING = YES;
				CLANG_WARN_BOOL_CONVERSION = YES;
				CLANG_WARN_COMMA = YES;
				CLANG_WARN_CONSTANT_CONVERSION = YES;
				CLANG_WARN_DEPRECATED_OBJC_IMPLEMENTATIONS = YES;
				CLANG_WARN_DIRECT_OBJC_ISA_USAGE = YES_ERROR;
				CLANG_WARN_DOCUMENTATION_COMMENTS = YES;
				CLANG_WARN_EMPTY_BODY = YES;
				CLANG_WARN_ENUM_CONVERSION = YES;
				CLANG_WARN_INFINITE_RECURSION = YES;
				CLANG_WARN_INT_CONVERSION = YES;
				CLANG_WARN_NON_LITERAL_NULL_CONVERSION = YES;
				CLANG_WARN_OBJC_IMPLICIT_RETAIN_SELF = YES;
				CLANG_WARN_OBJC_LITERAL_CONVERSION = YES;
				CLANG_WARN_OBJC_ROOT_CLASS = YES_ERROR;
				CLANG_WARN_QUOTED_INCLUDE_IN_FRAMEWORK_HEADER = YES;
				CLANG_WARN_RANGE_LOOP_ANALYSIS = YES;
				CLANG_WARN_STRICT_PROTOTYPES = YES;
				CLANG_WARN_SUSPICIOUS_MOVE = YES;
				CLANG_WARN_UNGUARDED_AVAILABILITY = YES_AGGRESSIVE;
				CLANG_WARN_UNREACHABLE_CODE = YES;
				CLANG_WARN__DUPLICATE_METHOD_MATCH = YES;
				COPY_PHASE_STRIP = NO;
				DEBUG_INFORMATION_FORMAT = dwarf;
				ENABLE_STRICT_OBJC_MSGSEND = YES;
				ENABLE_TESTABILITY = YES;
				ENABLE_USER_SCRIPT_SANDBOXING = YES;
				GCC_C_LANGUAGE_STANDARD = gnu17;
				GCC_DYNAMIC_NO_PIC = NO;
				GCC_NO_COMMON_BLOCKS = YES;
				GCC_OPTIMIZATION_LEVEL = 0;
				GCC_PREPROCESSOR_DEFINITIONS = (
					"DEBUG=1",
					"$(inherited)",
				);
				GCC_WARN_64_TO_32_BIT_CONVERSION = YES;
				GCC_WARN_ABOUT_RETURN_TYPE = YES_ERROR;
				GCC_WARN_UNDECLARED_SELECTOR = YES;
				GCC_WARN_UNINITIALIZED_AUTOS = YES_AGGRESSIVE;
				GCC_WARN_UNUSED_FUNCTION = YES;
				GCC_WARN_UNUSED_VARIABLE = YES;
				IPHONEOS_DEPLOYMENT_TARGET = 17.5;
				LOCALIZATION_PREFERS_STRING_CATALOGS = YES;
				MTL_ENABLE_DEBUG_INFO = INCLUDE_SOURCE;
				MTL_FAST_MATH = YES;
				ONLY_ACTIVE_ARCH = YES;
				SDKROOT = iphoneos;
				SWIFT_ACTIVE_COMPILATION_CONDITIONS = "DEBUG $(inherited)";
				SWIFT_OPTIMIZATION_LEVEL = "-Onone";
			};
			name = Debug;
		};
		A0B668D02C85D03600C70E71 /* Release */ = {
			isa = XCBuildConfiguration;
			buildSettings = {
				ALWAYS_SEARCH_USER_PATHS = NO;
				ASSETCATALOG_COMPILER_GENERATE_SWIFT_ASSET_SYMBOL_EXTENSIONS = YES;
				CLANG_ANALYZER_NONNULL = YES;
				CLANG_ANALYZER_NUMBER_OBJECT_CONVERSION = YES_AGGRESSIVE;
				CLANG_CXX_LANGUAGE_STANDARD = "gnu++20";
				CLANG_ENABLE_MODULES = YES;
				CLANG_ENABLE_OBJC_ARC = YES;
				CLANG_ENABLE_OBJC_WEAK = YES;
				CLANG_WARN_BLOCK_CAPTURE_AUTORELEASING = YES;
				CLANG_WARN_BOOL_CONVERSION = YES;
				CLANG_WARN_COMMA = YES;
				CLANG_WARN_CONSTANT_CONVERSION = YES;
				CLANG_WARN_DEPRECATED_OBJC_IMPLEMENTATIONS = YES;
				CLANG_WARN_DIRECT_OBJC_ISA_USAGE = YES_ERROR;
				CLANG_WARN_DOCUMENTATION_COMMENTS = YES;
				CLANG_WARN_EMPTY_BODY = YES;
				CLANG_WARN_ENUM_CONVERSION = YES;
				CLANG_WARN_INFINITE_RECURSION = YES;
				CLANG_WARN_INT_CONVERSION = YES;
				CLANG_WARN_NON_LITERAL_NULL_CONVERSION = YES;
				CLANG_WARN_OBJC_IMPLICIT_RETAIN_SELF = YES;
				CLANG_WARN_OBJC_LITERAL_CONVERSION = YES;
				CLANG_WARN_OBJC_ROOT_CLASS = YES_ERROR;
				CLANG_WARN_QUOTED_INCLUDE_IN_FRAMEWORK_HEADER = YES;
				CLANG_WARN_RANGE_LOOP_ANALYSIS = YES;
				CLANG_WARN_STRICT_PROTOTYPES = YES;
				CLANG_WARN_SUSPICIOUS_MOVE = YES;
				CLANG_WARN_UNGUARDED_AVAILABILITY = YES_AGGRESSIVE;
				CLANG_WARN_UNREACHABLE_CODE = YES;
				CLANG_WARN__DUPLICATE_METHOD_MATCH = YES;
				COPY_PHASE_STRIP = NO;
				DEBUG_INFORMATION_FORMAT = "dwarf-with-dsym";
				ENABLE_NS_ASSERTIONS = NO;
				ENABLE_STRICT_OBJC_MSGSEND = YES;
				ENABLE_USER_SCRIPT_SANDBOXING = YES;
				GCC_C_LANGUAGE_STANDARD = gnu17;
				GCC_NO_COMMON_BLOCKS = YES;
				GCC_WARN_64_TO_32_BIT_CONVERSION = YES;
				GCC_WARN_ABOUT_RETURN_TYPE = YES_ERROR;
				GCC_WARN_UNDECLARED_SELECTOR = YES;
				GCC_WARN_UNINITIALIZED_AUTOS = YES_AGGRESSIVE;
				GCC_WARN_UNUSED_FUNCTION = YES;
				GCC_WARN_UNUSED_VARIABLE = YES;
				IPHONEOS_DEPLOYMENT_TARGET = 17.5;
				LOCALIZATION_PREFERS_STRING_CATALOGS = YES;
				MTL_ENABLE_DEBUG_INFO = NO;
				MTL_FAST_MATH = YES;
				SDKROOT = iphoneos;
				SWIFT_COMPILATION_MODE = wholemodule;
				VALIDATE_PRODUCT = YES;
			};
			name = Release;
		};
		A0B668D22C85D03600C70E71 /* Debug */ = {
			isa = XCBuildConfiguration;
			buildSettings = {
				ASSETCATALOG_COMPILER_APPICON_NAME = AppIcon;
				ASSETCATALOG_COMPILER_GLOBAL_ACCENT_COLOR_NAME = AccentColor;
				CODE_SIGN_STYLE = Automatic;
				CURRENT_PROJECT_VERSION = 1;
				DEVELOPMENT_ASSET_PATHS = "\"SwfitUIPracticeProject/Preview Content\"";
				DEVELOPMENT_TEAM = HP4XA8YZN3;
				ENABLE_PREVIEWS = YES;
				GENERATE_INFOPLIST_FILE = YES;
				INFOPLIST_KEY_UIApplicationSceneManifest_Generation = YES;
				INFOPLIST_KEY_UIApplicationSupportsIndirectInputEvents = YES;
				INFOPLIST_KEY_UILaunchScreen_Generation = YES;
				INFOPLIST_KEY_UISupportedInterfaceOrientations_iPad = "UIInterfaceOrientationPortrait UIInterfaceOrientationPortraitUpsideDown UIInterfaceOrientationLandscapeLeft UIInterfaceOrientationLandscapeRight";
				INFOPLIST_KEY_UISupportedInterfaceOrientations_iPhone = "UIInterfaceOrientationPortrait UIInterfaceOrientationLandscapeLeft UIInterfaceOrientationLandscapeRight";
				LD_RUNPATH_SEARCH_PATHS = (
					"$(inherited)",
					"@executable_path/Frameworks",
				);
				MARKETING_VERSION = 1.0;
				PRODUCT_BUNDLE_IDENTIFIER = com.yeoyeo.SwfitUIPracticeProject;
				PRODUCT_NAME = "$(TARGET_NAME)";
				SWIFT_EMIT_LOC_STRINGS = YES;
				SWIFT_VERSION = 5.0;
				TARGETED_DEVICE_FAMILY = "1,2";
			};
			name = Debug;
		};
		A0B668D32C85D03600C70E71 /* Release */ = {
			isa = XCBuildConfiguration;
			buildSettings = {
				ASSETCATALOG_COMPILER_APPICON_NAME = AppIcon;
				ASSETCATALOG_COMPILER_GLOBAL_ACCENT_COLOR_NAME = AccentColor;
				CODE_SIGN_STYLE = Automatic;
				CURRENT_PROJECT_VERSION = 1;
				DEVELOPMENT_ASSET_PATHS = "\"SwfitUIPracticeProject/Preview Content\"";
				DEVELOPMENT_TEAM = HP4XA8YZN3;
				ENABLE_PREVIEWS = YES;
				GENERATE_INFOPLIST_FILE = YES;
				INFOPLIST_KEY_UIApplicationSceneManifest_Generation = YES;
				INFOPLIST_KEY_UIApplicationSupportsIndirectInputEvents = YES;
				INFOPLIST_KEY_UILaunchScreen_Generation = YES;
				INFOPLIST_KEY_UISupportedInterfaceOrientations_iPad = "UIInterfaceOrientationPortrait UIInterfaceOrientationPortraitUpsideDown UIInterfaceOrientationLandscapeLeft UIInterfaceOrientationLandscapeRight";
				INFOPLIST_KEY_UISupportedInterfaceOrientations_iPhone = "UIInterfaceOrientationPortrait UIInterfaceOrientationLandscapeLeft UIInterfaceOrientationLandscapeRight";
				LD_RUNPATH_SEARCH_PATHS = (
					"$(inherited)",
					"@executable_path/Frameworks",
				);
				MARKETING_VERSION = 1.0;
				PRODUCT_BUNDLE_IDENTIFIER = com.yeoyeo.SwfitUIPracticeProject;
				PRODUCT_NAME = "$(TARGET_NAME)";
				SWIFT_EMIT_LOC_STRINGS = YES;
				SWIFT_VERSION = 5.0;
				TARGETED_DEVICE_FAMILY = "1,2";
			};
			name = Release;
		};
/* End XCBuildConfiguration section */

/* Begin XCConfigurationList section */
		A0B668BE2C85D03300C70E71 /* Build configuration list for PBXProject "SwfitUIPracticeProject" */ = {
			isa = XCConfigurationList;
			buildConfigurations = (
				A0B668CF2C85D03600C70E71 /* Debug */,
				A0B668D02C85D03600C70E71 /* Release */,
			);
			defaultConfigurationIsVisible = 0;
			defaultConfigurationName = Release;
		};
		A0B668D12C85D03600C70E71 /* Build configuration list for PBXNativeTarget "SwfitUIPracticeProject" */ = {
			isa = XCConfigurationList;
			buildConfigurations = (
				A0B668D22C85D03600C70E71 /* Debug */,
				A0B668D32C85D03600C70E71 /* Release */,
			);
			defaultConfigurationIsVisible = 0;
			defaultConfigurationName = Release;
		};
/* End XCConfigurationList section */
	};
	rootObject = A0B668BB2C85D03300C70E71 /* Project object */;
}
